PODS:
  - CleverPush (1.16.3)
  - cleverpush_flutter (1.12.3):
    - CleverPush (= 1.16.3)
    - Flutter
  - Flutter (2.10.2)
  - package_info (0.0.1):
    - Flutter

DEPENDENCIES:
  - CleverPush
  - cleverpush_flutter (from `.symlinks/plugins/cleverpush_flutter/ios`)
  - package_info (from `.symlinks/plugins/package_info/ios`)

SPEC REPOS:
  https://github.com/CocoaPods/Specs.git:
    - CleverPush
    - Flutter

EXTERNAL SOURCES:
  cleverpush_flutter:
    :path: ".symlinks/plugins/cleverpush_flutter/ios"
  package_info:
    :path: ".symlinks/plugins/package_info/ios"

SPEC CHECKSUMS:
  CleverPush: ce82cd83aa9e1f678375a380d0165d24156d68de
  cleverpush_flutter: 66a4e4f4a2ce90fcafbb725c6f9784466700344c
  Flutter: f806e130a7fc533948a62c576e768b4aec6d41d4
  package_info: 873975fc26034f0b863a300ad47e7f1ac6c7ec62

PODFILE CHECKSUM: 26a9bc5a82177cfde4d94a27e5131ce66ae86f94

COCOAPODS: 1.11.2
