PODS:
  - CleverPush (1.28.9)
  - cleverpush_flutter (1.23.3):
    - CleverPush (= 1.28.9)
    - Flutter
  - Flutter (1.0.0)

DEPENDENCIES:
  - CleverPush
  - cleverpush_flutter (from `.symlinks/plugins/cleverpush_flutter/ios`)
  - Flutter (from `Flutter`)

SPEC REPOS:
  trunk:
    - CleverPush

EXTERNAL SOURCES:
  cleverpush_flutter:
    :path: ".symlinks/plugins/cleverpush_flutter/ios"
  Flutter:
    :path: Flutter

SPEC CHECKSUMS:
  CleverPush: b646592791476ee2ddd87288d8e638feff43e483
  cleverpush_flutter: 581b1cd135abc51aaea8f7de3ba3808ef020b194
  Flutter: f04841e97a9d0b0a8025694d0796dd46242b2854

PODFILE CHECKSUM: 94b15b543645465f0de57fcffaa649e0ce5860d8

COCOAPODS: 1.13.0
